
Microsoft Visual Studio Solution File, Format Version 12.00
# Visual Studio Version 17
VisualStudioVersion = 17.2.32630.192
MinimumVisualStudioVersion = 10.0.40219.1
Project("{9A19103F-16F7-4668-BE54-9A1E7A4F7556}") = "JSONBossDialogue", "JSONBossDialogue.csproj", "{3809AB1A-C7AB-4A35-B974-4358AE09A849}"
EndProject
Global
	GlobalSection(SolutionConfigurationPlatforms) = preSolution
		Debug|Any CPU = Debug|Any CPU
		Release|Any CPU = Release|Any CPU
	EndGlobalSection
	GlobalSection(ProjectConfigurationPlatforms) = postSolution
		{3809AB1A-C7AB-4A35-B974-4358AE09A849}.Debug|Any CPU.ActiveCfg = Debug|Any CPU
		{3809AB1A-C7AB-4A35-B974-4358AE09A849}.Debug|Any CPU.Build.0 = Debug|Any CPU
		{3809AB1A-C7AB-4A35-B974-4358AE09A849}.Release|Any CPU.ActiveCfg = Release|Any CPU
		{3809AB1A-C7AB-4A35-B974-4358AE09A849}.Release|Any CPU.Build.0 = Release|Any CPU
	EndGlobalSection
	GlobalSection(SolutionProperties) = preSolution
		HideSolutionNode = FALSE
	EndGlobalSection
	GlobalSection(ExtensibilityGlobals) = postSolution
		SolutionGuid = {8E656AE4-9D51-4884-98A1-9EDD52594135}
	EndGlobalSection
EndGlobal
